<?xml version="1.0" encoding="utf-8"?>
<Project ToolsVersion="4.0" xmlns="http://schemas.microsoft.com/developer/msbuild/2003">
  <ItemGroup>
    <Filter Include="Source Files">
      <UniqueIdentifier>{4FC737F1-C7A5-4376-A066-2A32D752A2FF}</UniqueIdentifier>
      <Extensions>cpp;c;cc;cxx;c++;cppm;ixx;def;odl;idl;hpj;bat;asm;asmx</Extensions>
    </Filter>
    <Filter Include="Header Files">
      <UniqueIdentifier>{93995380-89BD-4b04-88EB-625FBE52EBFB}</UniqueIdentifier>
      <Extensions>h;hh;hpp;hxx;h++;hm;inl;inc;ipp;xsd</Extensions>
    </Filter>
    <Filter Include="Resource Files">
      <UniqueIdentifier>{67DA6AB6-F800-4c08-8B7A-83BB121AAD01}</UniqueIdentifier>
      <Extensions>rc;ico;cur;bmp;dlg;rc2;rct;bin;rgs;gif;jpg;jpeg;jpe;resx;tiff;tif;png;wav;mfcribbon-ms</Extensions>
    </Filter>
    <Filter Include="Source Files\MSToolkit">
      <UniqueIdentifier>{b325d7fb-2f40-48e1-b6f6-7ab51c383d7c}</UniqueIdentifier>
    </Filter>
    <Filter Include="Source Files\mzParser">
      <UniqueIdentifier>{1e00760e-b4e6-4063-ab04-3609ee345234}</UniqueIdentifier>
    </Filter>
  </ItemGroup>
  <ItemGroup>
    <ClCompile Include="..\..\src\MSToolkit\MSObject.cpp">
      <Filter>Source Files\MSToolkit</Filter>
    </ClCompile>
    <ClCompile Include="..\..\src\MSToolkit\MSReader.cpp">
      <Filter>Source Files\MSToolkit</Filter>
    </ClCompile>
    <ClCompile Include="..\..\src\MSToolkit\RAWReader.cpp">
      <Filter>Source Files\MSToolkit</Filter>
    </ClCompile>
    <ClCompile Include="..\..\src\MSToolkit\Spectrum.cpp">
      <Filter>Source Files\MSToolkit</Filter>
    </ClCompile>
    <ClCompile Include="..\..\src\mzParser\BasicChromatogram.cpp">
      <Filter>Source Files\mzParser</Filter>
    </ClCompile>
    <ClCompile Include="..\..\src\mzParser\BasicSpectrum.cpp">
      <Filter>Source Files\mzParser</Filter>
    </ClCompile>
    <ClCompile Include="..\..\src\mzParser\Czran.cpp">
      <Filter>Source Files\mzParser</Filter>
    </ClCompile>
    <ClCompile Include="..\..\src\mzParser\MSNumpress.cpp">
      <Filter>Source Files\mzParser</Filter>
    </ClCompile>
    <ClCompile Include="..\..\src\mzParser\mz5handler.cpp">
      <Filter>Source Files\mzParser</Filter>
    </ClCompile>
    <ClCompile Include="..\..\src\mzParser\mzMLReader.cpp">
      <Filter>Source Files\mzParser</Filter>
    </ClCompile>
    <ClCompile Include="..\..\src\mzParser\mzp_base64.cpp">
      <Filter>Source Files\mzParser</Filter>
    </ClCompile>
    <ClCompile Include="..\..\src\mzParser\mzParser.cpp">
      <Filter>Source Files\mzParser</Filter>
    </ClCompile>
    <ClCompile Include="..\..\src\mzParser\mzpMz5Config.cpp">
      <Filter>Source Files\mzParser</Filter>
    </ClCompile>
    <ClCompile Include="..\..\src\mzParser\mzpMz5Structs.cpp">
      <Filter>Source Files\mzParser</Filter>
    </ClCompile>
    <ClCompile Include="..\..\src\mzParser\PWIZface.cpp">
      <Filter>Source Files\mzParser</Filter>
    </ClCompile>
    <ClCompile Include="..\..\src\mzParser\RAMPface.cpp">
      <Filter>Source Files\mzParser</Filter>
    </ClCompile>
    <ClCompile Include="..\..\src\mzParser\saxhandler.cpp">
      <Filter>Source Files\mzParser</Filter>
    </ClCompile>
    <ClCompile Include="..\..\src\mzParser\saxmzmlhandler.cpp">
      <Filter>Source Files\mzParser</Filter>
    </ClCompile>
    <ClCompile Include="..\..\src\mzParser\saxmzxmlhandler.cpp">
      <Filter>Source Files\mzParser</Filter>
    </ClCompile>
  </ItemGroup>
  <ItemGroup>
    <None Include="MSToolkit.def">
      <Filter>Source Files</Filter>
    </None>
  </ItemGroup>
</Project>